// !$*UTF8*$!
{
	archiveVersion = 1;
	classes = {
	};
	objectVersion = 56;
	objects = {

/* Begin PBXBuildFile section */
		6847D0E12D5C3836003C07EB /* Lab1_Justin_YehApp.swift in Sources */ = {isa = PBXBuildFile; fileRef = 6847D0E02D5C3836003C07EB /* Lab1_Justin_YehApp.swift */; };
		6847D0E32D5C3836003C07EB /* ContentView.swift in Sources */ = {isa = PBXBuildFile; fileRef = 6847D0E22D5C3836003C07EB /* ContentView.swift */; };
		6847D0E52D5C3836003C07EB /* Assets.xcassets in Resources */ = {isa = PBXBuildFile; fileRef = 6847D0E42D5C3836003C07EB /* Assets.xcassets */; };
		6847D0E82D5C3836003C07EB /* Preview Assets.xcassets in Resources */ = {isa = PBXBuildFile; fileRef = 6847D0E72D5C3836003C07EB /* Preview Assets.xcassets */; };
		6847D0F22D5C3836003C07EB /* Lab1_Justin_YehTests.swift in Sources */ = {isa = PBXBuildFile; fileRef = 6847D0F12D5C3836003C07EB /* Lab1_Justin_YehTests.swift */; };
		6847D0FC2D5C3837003C07EB /* Lab1_Justin_YehUITests.swift in Sources */ = {isa = PBXBuildFile; fileRef = 6847D0FB2D5C3837003C07EB /* Lab1_Justin_YehUITests.swift */; };
		6847D0FE2D5C3837003C07EB /* Lab1_Justin_YehUITestsLaunchTests.swift in Sources */ = {isa = PBXBuildFile; fileRef = 6847D0FD2D5C3837003C07EB /* Lab1_Justin_YehUITestsLaunchTests.swift */; };
/* End PBXBuildFile section */

/* Begin PBXContainerItemProxy section */
		6847D0EE2D5C3836003C07EB /* PBXContainerItemProxy */ = {
			isa = PBXContainerItemProxy;
			containerPortal = 6847D0D52D5C3835003C07EB /* Project object */;
			proxyType = 1;
			remoteGlobalIDString = 6847D0DC2D5C3836003C07EB;
			remoteInfo = Lab1_Justin_Yeh;
		};
		6847D0F82D5C3837003C07EB /* PBXContainerItemProxy */ = {
			isa = PBXContainerItemProxy;
			containerPortal = 6847D0D52D5C3835003C07EB /* Project object */;
			proxyType = 1;
			remoteGlobalIDString = 6847D0DC2D5C3836003C07EB;
			remoteInfo = Lab1_Justin_Yeh;
		};
/* End PBXContainerItemProxy section */

/* Begin PBXFileReference section */
		6847D0DD2D5C3836003C07EB /* Lab1_Justin_Yeh.app */ = {isa = PBXFileReference; explicitFileType = wrapper.application; includeInIndex = 0; path = Lab1_Justin_Yeh.app; sourceTree = BUILT_PRODUCTS_DIR; };
		6847D0E02D5C3836003C07EB /* Lab1_Justin_YehApp.swift */ = {isa = PBXFileReference; lastKnownFileType = sourcecode.swift; path = Lab1_Justin_YehApp.swift; sourceTree = "<group>"; };
		6847D0E22D5C3836003C07EB /* ContentView.swift */ = {isa = PBXFileReference; lastKnownFileType = sourcecode.swift; path = ContentView.swift; sourceTree = "<group>"; };
		6847D0E42D5C3836003C07EB /* Assets.xcassets */ = {isa = PBXFileReference; lastKnownFileType = folder.assetcatalog; path = Assets.xcassets; sourceTree = "<group>"; };
		6847D0E72D5C3836003C07EB /* Preview Assets.xcassets */ = {isa = PBXFileReference; lastKnownFileType = folder.assetcatalog; path = "Preview Assets.xcassets"; sourceTree = "<group>"; };
		6847D0ED2D5C3836003C07EB /* Lab1_Justin_YehTests.xctest */ = {isa = PBXFileReference; explicitFileType = wrapper.cfbundle; includeInIndex = 0; path = Lab1_Justin_YehTests.xctest; sourceTree = BUILT_PRODUCTS_DIR; };
		6847D0F12D5C3836003C07EB /* Lab1_Justin_YehTests.swift */ = {isa = PBXFileReference; lastKnownFileType = sourcecode.swift; path = Lab1_Justin_YehTests.swift; sourceTree = "<group>"; };
		6847D0F72D5C3837003C07EB /* Lab1_Justin_YehUITests.xctest */ = {isa = PBXFileReference; explicitFileType = wrapper.cfbundle; includeInIndex = 0; path = Lab1_Justin_YehUITests.xctest; sourceTree = BUILT_PRODUCTS_DIR; };
		6847D0FB2D5C3837003C07EB /* Lab1_Justin_YehUITests.swift */ = {isa = PBXFileReference; lastKnownFileType = sourcecode.swift; path = Lab1_Justin_YehUITests.swift; sourceTree = "<group>"; };
		6847D0FD2D5C3837003C07EB /* Lab1_Justin_YehUITestsLaunchTests.swift */ = {isa = PBXFileReference; lastKnownFileType = sourcecode.swift; path = Lab1_Justin_YehUITestsLaunchTests.swift; sourceTree = "<group>"; };
/* End PBXFileReference section */

/* Begin PBXFrameworksBuildPhase section */
		6847D0DA2D5C3836003C07EB /* Frameworks */ = {
			isa = PBXFrameworksBuildPhase;
			buildActionMask = 2147483647;
			files = (
			);
			runOnlyForDeploymentPostprocessing = 0;
		};
		6847D0EA2D5C3836003C07EB /* Frameworks */ = {
			isa = PBXFrameworksBuildPhase;
			buildActionMask = 2147483647;
			files = (
			);
			runOnlyForDeploymentPostprocessing = 0;
		};
		6847D0F42D5C3837003C07EB /* Frameworks */ = {
			isa = PBXFrameworksBuildPhase;
			buildActionMask = 2147483647;
			files = (
			);
			runOnlyForDeploymentPostprocessing = 0;
		};
/* End PBXFrameworksBuildPhase section */

/* Begin PBXGroup section */
		6847D0D42D5C3835003C07EB = {
			isa = PBXGroup;
			children = (
				6847D0DF2D5C3836003C07EB /* Lab1_Justin_Yeh */,
				6847D0F02D5C3836003C07EB /* Lab1_Justin_YehTests */,
				6847D0FA2D5C3837003C07EB /* Lab1_Justin_YehUITests */,
				6847D0DE2D5C3836003C07EB /* Products */,
			);
			sourceTree = "<group>";
		};
		6847D0DE2D5C3836003C07EB /* Products */ = {
			isa = PBXGroup;
			children = (
				6847D0DD2D5C3836003C07EB /* Lab1_Justin_Yeh.app */,
				6847D0ED2D5C3836003C07EB /* Lab1_Justin_YehTests.xctest */,
				6847D0F72D5C3837003C07EB /* Lab1_Justin_YehUITests.xctest */,
			);
			name = Products;
			sourceTree = "<group>";
		};
		6847D0DF2D5C3836003C07EB /* Lab1_Justin_Yeh */ = {
			isa = PBXGroup;
			children = (
				6847D0E02D5C3836003C07EB /* Lab1_Justin_YehApp.swift */,
				6847D0E22D5C3836003C07EB /* ContentView.swift */,
				6847D0E42D5C3836003C07EB /* Assets.xcassets */,
				6847D0E62D5C3836003C07EB /* Preview Content */,
			);
			path = Lab1_Justin_Yeh;
			sourceTree = "<group>";
		};
		6847D0E62D5C3836003C07EB /* Preview Content */ = {
			isa = PBXGroup;
			children = (
				6847D0E72D5C3836003C07EB /* Preview Assets.xcassets */,
			);
			path = "Preview Content";
			sourceTree = "<group>";
		};
		6847D0F02D5C3836003C07EB /* Lab1_Justin_YehTests */ = {
			isa = PBXGroup;
			children = (
				6847D0F12D5C3836003C07EB /* Lab1_Justin_YehTests.swift */,
			);
			path = Lab1_Justin_YehTests;
			sourceTree = "<group>";
		};
		6847D0FA2D5C3837003C07EB /* Lab1_Justin_YehUITests */ = {
			isa = PBXGroup;
			children = (
				6847D0FB2D5C3837003C07EB /* Lab1_Justin_YehUITests.swift */,
				6847D0FD2D5C3837003C07EB /* Lab1_Justin_YehUITestsLaunchTests.swift */,
			);
			path = Lab1_Justin_YehUITests;
			sourceTree = "<group>";
		};
/* End PBXGroup section */

/* Begin PBXNativeTarget section */
		6847D0DC2D5C3836003C07EB /* Lab1_Justin_Yeh */ = {
			isa = PBXNativeTarget;
			buildConfigurationList = 6847D1012D5C3837003C07EB /* Build configuration list for PBXNativeTarget "Lab1_Justin_Yeh" */;
			buildPhases = (
				6847D0D92D5C3836003C07EB /* Sources */,
				6847D0DA2D5C3836003C07EB /* Frameworks */,
				6847D0DB2D5C3836003C07EB /* Resources */,
			);
			buildRules = (
			);
			dependencies = (
			);
			name = Lab1_Justin_Yeh;
			productName = Lab1_Justin_Yeh;
			productReference = 6847D0DD2D5C3836003C07EB /* Lab1_Justin_Yeh.app */;
			productType = "com.apple.product-type.application";
		};
		6847D0EC2D5C3836003C07EB /* Lab1_Justin_YehTests */ = {
			isa = PBXNativeTarget;
			buildConfigurationList = 6847D1042D5C3837003C07EB /* Build configuration list for PBXNativeTarget "Lab1_Justin_YehTests" */;
			buildPhases = (
				6847D0E92D5C3836003C07EB /* Sources */,
				6847D0EA2D5C3836003C07EB /* Frameworks */,
				6847D0EB2D5C3836003C07EB /* Resources */,
			);
			buildRules = (
			);
			dependencies = (
				6847D0EF2D5C3836003C07EB /* PBXTargetDependency */,
			);
			name = Lab1_Justin_YehTests;
			productName = Lab1_Justin_YehTests;
			productReference = 6847D0ED2D5C3836003C07EB /* Lab1_Justin_YehTests.xctest */;
			productType = "com.apple.product-type.bundle.unit-test";
		};
		6847D0F62D5C3837003C07EB /* Lab1_Justin_YehUITests */ = {
			isa = PBXNativeTarget;
			buildConfigurationList = 6847D1072D5C3837003C07EB /* Build configuration list for PBXNativeTarget "Lab1_Justin_YehUITests" */;
			buildPhases = (
				6847D0F32D5C3837003C07EB /* Sources */,
				6847D0F42D5C3837003C07EB /* Frameworks */,
				6847D0F52D5C3837003C07EB /* Resources */,
			);
			buildRules = (
			);
			dependencies = (
				6847D0F92D5C3837003C07EB /* PBXTargetDependency */,
			);
			name = Lab1_Justin_YehUITests;
			productName = Lab1_Justin_YehUITests;
			productReference = 6847D0F72D5C3837003C07EB /* Lab1_Justin_YehUITests.xctest */;
			productType = "com.apple.product-type.bundle.ui-testing";
		};
/* End PBXNativeTarget section */

/* Begin PBXProject section */
		6847D0D52D5C3835003C07EB /* Project object */ = {
			isa = PBXProject;
			attributes = {
				BuildIndependentTargetsInParallel = 1;
				LastSwiftUpdateCheck = 1540;
				LastUpgradeCheck = 1540;
				TargetAttributes = {
					6847D0DC2D5C3836003C07EB = {
						CreatedOnToolsVersion = 15.4;
					};
					6847D0EC2D5C3836003C07EB = {
						CreatedOnToolsVersion = 15.4;
						TestTargetID = 6847D0DC2D5C3836003C07EB;
					};
					6847D0F62D5C3837003C07EB = {
						CreatedOnToolsVersion = 15.4;
						TestTargetID = 6847D0DC2D5C3836003C07EB;
					};
				};
			};
			buildConfigurationList = 6847D0D82D5C3835003C07EB /* Build configuration list for PBXProject "Lab1_Justin_Yeh" */;
			compatibilityVersion = "Xcode 14.0";
			developmentRegion = en;
			hasScannedForEncodings = 0;
			knownRegions = (
				en,
				Base,
			);
			mainGroup = 6847D0D42D5C3835003C07EB;
			productRefGroup = 6847D0DE2D5C3836003C07EB /* Products */;
			projectDirPath = "";
			projectRoot = "";
			targets = (
				6847D0DC2D5C3836003C07EB /* Lab1_Justin_Yeh */,
				6847D0EC2D5C3836003C07EB /* Lab1_Justin_YehTests */,
				6847D0F62D5C3837003C07EB /* Lab1_Justin_YehUITests */,
			);
		};
/* End PBXProject section */

/* Begin PBXResourcesBuildPhase section */
		6847D0DB2D5C3836003C07EB /* Resources */ = {
			isa = PBXResourcesBuildPhase;
			buildActionMask = 2147483647;
			files = (
				6847D0E82D5C3836003C07EB /* Preview Assets.xcassets in Resources */,
				6847D0E52D5C3836003C07EB /* Assets.xcassets in Resources */,
			);
			runOnlyForDeploymentPostprocessing = 0;
		};
		6847D0EB2D5C3836003C07EB /* Resources */ = {
			isa = PBXResourcesBuildPhase;
			buildActionMask = 2147483647;
			files = (
			);
			runOnlyForDeploymentPostprocessing = 0;
		};
		6847D0F52D5C3837003C07EB /* Resources */ = {
			isa = PBXResourcesBuildPhase;
			buildActionMask = 2147483647;
			files = (
			);
			runOnlyForDeploymentPostprocessing = 0;
		};
/* End PBXResourcesBuildPhase section */

/* Begin PBXSourcesBuildPhase section */
		6847D0D92D5C3836003C07EB /* Sources */ = {
			isa = PBXSourcesBuildPhase;
			buildActionMask = 2147483647;
			files = (
				6847D0E32D5C3836003C07EB /* ContentView.swift in Sources */,
				6847D0E12D5C3836003C07EB /* Lab1_Justin_YehApp.swift in Sources */,
			);
			runOnlyForDeploymentPostprocessing = 0;
		};
		6847D0E92D5C3836003C07EB /* Sources */ = {
			isa = PBXSourcesBuildPhase;
			buildActionMask = 2147483647;
			files = (
				6847D0F22D5C3836003C07EB /* Lab1_Justin_YehTests.swift in Sources */,
			);
			runOnlyForDeploymentPostprocessing = 0;
		};
		6847D0F32D5C3837003C07EB /* Sources */ = {
			isa = PBXSourcesBuildPhase;
			buildActionMask = 2147483647;
			files = (
				6847D0FE2D5C3837003C07EB /* Lab1_Justin_YehUITestsLaunchTests.swift in Sources */,
				6847D0FC2D5C3837003C07EB /* Lab1_Justin_YehUITests.swift in Sources */,
			);
			runOnlyForDeploymentPostprocessing = 0;
		};
/* End PBXSourcesBuildPhase section */

/* Begin PBXTargetDependency section */
		6847D0EF2D5C3836003C07EB /* PBXTargetDependency */ = {
			isa = PBXTargetDependency;
			target = 6847D0DC2D5C3836003C07EB /* Lab1_Justin_Yeh */;
			targetProxy = 6847D0EE2D5C3836003C07EB /* PBXContainerItemProxy */;
		};
		6847D0F92D5C3837003C07EB /* PBXTargetDependency */ = {
			isa = PBXTargetDependency;
			target = 6847D0DC2D5C3836003C07EB /* Lab1_Justin_Yeh */;
			targetProxy = 6847D0F82D5C3837003C07EB /* PBXContainerItemProxy */;
		};
/* End PBXTargetDependency section */

/* Begin XCBuildConfiguration section */
		6847D0FF2D5C3837003C07EB /* Debug */ = {
			isa = XCBuildConfiguration;
			buildSettings = {
				ALWAYS_SEARCH_USER_PATHS = NO;
				ASSETCATALOG_COMPILER_GENERATE_SWIFT_ASSET_SYMBOL_EXTENSIONS = YES;
				CLANG_ANALYZER_NONNULL = YES;
				CLANG_ANALYZER_NUMBER_OBJECT_CONVERSION = YES_AGGRESSIVE;
				CLANG_CXX_LANGUAGE_STANDARD = "gnu++20";
				CLANG_ENABLE_MODULES = YES;
				CLANG_ENABLE_OBJC_ARC = YES;
				CLANG_ENABLE_OBJC_WEAK = YES;
				CLANG_WARN_BLOCK_CAPTURE_AUTORELEASING = YES;
				CLANG_WARN_BOOL_CONVERSION = YES;
				CLANG_WARN_COMMA = YES;
				CLANG_WARN_CONSTANT_CONVERSION = YES;
				CLANG_WARN_DEPRECATED_OBJC_IMPLEMENTATIONS = YES;
				CLANG_WARN_DIRECT_OBJC_ISA_USAGE = YES_ERROR;
				CLANG_WARN_DOCUMENTATION_COMMENTS = YES;
				CLANG_WARN_EMPTY_BODY = YES;
				CLANG_WARN_ENUM_CONVERSION = YES;
				CLANG_WARN_INFINITE_RECURSION = YES;
				CLANG_WARN_INT_CONVERSION = YES;
				CLANG_WARN_NON_LITERAL_NULL_CONVERSION = YES;
				CLANG_WARN_OBJC_IMPLICIT_RETAIN_SELF = YES;
				CLANG_WARN_OBJC_LITERAL_CONVERSION = YES;
				CLANG_WARN_OBJC_ROOT_CLASS = YES_ERROR;
				CLANG_WARN_QUOTED_INCLUDE_IN_FRAMEWORK_HEADER = YES;
				CLANG_WARN_RANGE_LOOP_ANALYSIS = YES;
				CLANG_WARN_STRICT_PROTOTYPES = YES;
				CLANG_WARN_SUSPICIOUS_MOVE = YES;
				CLANG_WARN_UNGUARDED_AVAILABILITY = YES_AGGRESSIVE;
				CLANG_WARN_UNREACHABLE_CODE = YES;
				CLANG_WARN__DUPLICATE_METHOD_MATCH = YES;
				COPY_PHASE_STRIP = NO;
				DEBUG_INFORMATION_FORMAT = dwarf;
				ENABLE_STRICT_OBJC_MSGSEND = YES;
				ENABLE_TESTABILITY = YES;
				ENABLE_USER_SCRIPT_SANDBOXING = YES;
				GCC_C_LANGUAGE_STANDARD = gnu17;
				GCC_DYNAMIC_NO_PIC = NO;
				GCC_NO_COMMON_BLOCKS = YES;
				GCC_OPTIMIZATION_LEVEL = 0;
				GCC_PREPROCESSOR_DEFINITIONS = (
					"DEBUG=1",
					"$(inherited)",
				);
				GCC_WARN_64_TO_32_BIT_CONVERSION = YES;
				GCC_WARN_ABOUT_RETURN_TYPE = YES_ERROR;
				GCC_WARN_UNDECLARED_SELECTOR = YES;
				GCC_WARN_UNINITIALIZED_AUTOS = YES_AGGRESSIVE;
				GCC_WARN_UNUSED_FUNCTION = YES;
				GCC_WARN_UNUSED_VARIABLE = YES;
				IPHONEOS_DEPLOYMENT_TARGET = 17.5;
				LOCALIZATION_PREFERS_STRING_CATALOGS = YES;
				MTL_ENABLE_DEBUG_INFO = INCLUDE_SOURCE;
				MTL_FAST_MATH = YES;
				ONLY_ACTIVE_ARCH = YES;
				SDKROOT = iphoneos;
				SWIFT_ACTIVE_COMPILATION_CONDITIONS = "DEBUG $(inherited)";
				SWIFT_OPTIMIZATION_LEVEL = "-Onone";
			};
			name = Debug;
		};
		6847D1002D5C3837003C07EB /* Release */ = {
			isa = XCBuildConfiguration;
			buildSettings = {
				ALWAYS_SEARCH_USER_PATHS = NO;
				ASSETCATALOG_COMPILER_GENERATE_SWIFT_ASSET_SYMBOL_EXTENSIONS = YES;
				CLANG_ANALYZER_NONNULL = YES;
				CLANG_ANALYZER_NUMBER_OBJECT_CONVERSION = YES_AGGRESSIVE;
				CLANG_CXX_LANGUAGE_STANDARD = "gnu++20";
				CLANG_ENABLE_MODULES = YES;
				CLANG_ENABLE_OBJC_ARC = YES;
				CLANG_ENABLE_OBJC_WEAK = YES;
				CLANG_WARN_BLOCK_CAPTURE_AUTORELEASING = YES;
				CLANG_WARN_BOOL_CONVERSION = YES;
				CLANG_WARN_COMMA = YES;
				CLANG_WARN_CONSTANT_CONVERSION = YES;
				CLANG_WARN_DEPRECATED_OBJC_IMPLEMENTATIONS = YES;
				CLANG_WARN_DIRECT_OBJC_ISA_USAGE = YES_ERROR;
				CLANG_WARN_DOCUMENTATION_COMMENTS = YES;
				CLANG_WARN_EMPTY_BODY = YES;
				CLANG_WARN_ENUM_CONVERSION = YES;
				CLANG_WARN_INFINITE_RECURSION = YES;
				CLANG_WARN_INT_CONVERSION = YES;
				CLANG_WARN_NON_LITERAL_NULL_CONVERSION = YES;
				CLANG_WARN_OBJC_IMPLICIT_RETAIN_SELF = YES;
				CLANG_WARN_OBJC_LITERAL_CONVERSION = YES;
				CLANG_WARN_OBJC_ROOT_CLASS = YES_ERROR;
				CLANG_WARN_QUOTED_INCLUDE_IN_FRAMEWORK_HEADER = YES;
				CLANG_WARN_RANGE_LOOP_ANALYSIS = YES;
				CLANG_WARN_STRICT_PROTOTYPES = YES;
				CLANG_WARN_SUSPICIOUS_MOVE = YES;
				CLANG_WARN_UNGUARDED_AVAILABILITY = YES_AGGRESSIVE;
				CLANG_WARN_UNREACHABLE_CODE = YES;
				CLANG_WARN__DUPLICATE_METHOD_MATCH = YES;
				COPY_PHASE_STRIP = NO;
				DEBUG_INFORMATION_FORMAT = "dwarf-with-dsym";
				ENABLE_NS_ASSERTIONS = NO;
				ENABLE_STRICT_OBJC_MSGSEND = YES;
				ENABLE_USER_SCRIPT_SANDBOXING = YES;
				GCC_C_LANGUAGE_STANDARD = gnu17;
				GCC_NO_COMMON_BLOCKS = YES;
				GCC_WARN_64_TO_32_BIT_CONVERSION = YES;
				GCC_WARN_ABOUT_RETURN_TYPE = YES_ERROR;
				GCC_WARN_UNDECLARED_SELECTOR = YES;
				GCC_WARN_UNINITIALIZED_AUTOS = YES_AGGRESSIVE;
				GCC_WARN_UNUSED_FUNCTION = YES;
				GCC_WARN_UNUSED_VARIABLE = YES;
				IPHONEOS_DEPLOYMENT_TARGET = 17.5;
				LOCALIZATION_PREFERS_STRING_CATALOGS = YES;
				MTL_ENABLE_DEBUG_INFO = NO;
				MTL_FAST_MATH = YES;
				SDKROOT = iphoneos;
				SWIFT_COMPILATION_MODE = wholemodule;
				VALIDATE_PRODUCT = YES;
			};
			name = Release;
		};
		6847D1022D5C3837003C07EB /* Debug */ = {
			isa = XCBuildConfiguration;
			buildSettings = {
				ASSETCATALOG_COMPILER_APPICON_NAME = AppIcon;
				ASSETCATALOG_COMPILER_GLOBAL_ACCENT_COLOR_NAME = AccentColor;
				CODE_SIGN_STYLE = Automatic;
				CURRENT_PROJECT_VERSION = 1;
				DEVELOPMENT_ASSET_PATHS = "\"Lab1_Justin_Yeh/Preview Content\"";
				ENABLE_PREVIEWS = YES;
				GENERATE_INFOPLIST_FILE = YES;
				INFOPLIST_KEY_UIApplicationSceneManifest_Generation = YES;
				INFOPLIST_KEY_UIApplicationSupportsIndirectInputEvents = YES;
				INFOPLIST_KEY_UILaunchScreen_Generation = YES;
				INFOPLIST_KEY_UISupportedInterfaceOrientations_iPad = "UIInterfaceOrientationPortrait UIInterfaceOrientationPortraitUpsideDown UIInterfaceOrientationLandscapeLeft UIInterfaceOrientationLandscapeRight";
				INFOPLIST_KEY_UISupportedInterfaceOrientations_iPhone = "UIInterfaceOrientationPortrait UIInterfaceOrientationLandscapeLeft UIInterfaceOrientationLandscapeRight";
				LD_RUNPATH_SEARCH_PATHS = (
					"$(inherited)",
					"@executable_path/Frameworks",
				);
				MARKETING_VERSION = 1.0;
				PRODUCT_BUNDLE_IDENTIFIER = "com.JustinYeh.Lab1-Justin-Yeh";
				PRODUCT_NAME = "$(TARGET_NAME)";
				SWIFT_EMIT_LOC_STRINGS = YES;
				SWIFT_VERSION = 5.0;
				TARGETED_DEVICE_FAMILY = "1,2";
			};
			name = Debug;
		};
		6847D1032D5C3837003C07EB /* Release */ = {
			isa = XCBuildConfiguration;
			buildSettings = {
				ASSETCATALOG_COMPILER_APPICON_NAME = AppIcon;
				ASSETCATALOG_COMPILER_GLOBAL_ACCENT_COLOR_NAME = AccentColor;
				CODE_SIGN_STYLE = Automatic;
				CURRENT_PROJECT_VERSION = 1;
				DEVELOPMENT_ASSET_PATHS = "\"Lab1_Justin_Yeh/Preview Content\"";
				ENABLE_PREVIEWS = YES;
				GENERATE_INFOPLIST_FILE = YES;
				INFOPLIST_KEY_UIApplicationSceneManifest_Generation = YES;
				INFOPLIST_KEY_UIApplicationSupportsIndirectInputEvents = YES;
				INFOPLIST_KEY_UILaunchScreen_Generation = YES;
				INFOPLIST_KEY_UISupportedInterfaceOrientations_iPad = "UIInterfaceOrientationPortrait UIInterfaceOrientationPortraitUpsideDown UIInterfaceOrientationLandscapeLeft UIInterfaceOrientationLandscapeRight";
				INFOPLIST_KEY_UISupportedInterfaceOrientations_iPhone = "UIInterfaceOrientationPortrait UIInterfaceOrientationLandscapeLeft UIInterfaceOrientationLandscapeRight";
				LD_RUNPATH_SEARCH_PATHS = (
					"$(inherited)",
					"@executable_path/Frameworks",
				);
				MARKETING_VERSION = 1.0;
				PRODUCT_BUNDLE_IDENTIFIER = "com.JustinYeh.Lab1-Justin-Yeh";
				PRODUCT_NAME = "$(TARGET_NAME)";
				SWIFT_EMIT_LOC_STRINGS = YES;
				SWIFT_VERSION = 5.0;
				TARGETED_DEVICE_FAMILY = "1,2";
			};
			name = Release;
		};
		6847D1052D5C3837003C07EB /* Debug */ = {
			isa = XCBuildConfiguration;
			buildSettings = {
				ALWAYS_EMBED_SWIFT_STANDARD_LIBRARIES = YES;
				BUNDLE_LOADER = "$(TEST_HOST)";
				CODE_SIGN_STYLE = Automatic;
				CURRENT_PROJECT_VERSION = 1;
				GENERATE_INFOPLIST_FILE = YES;
				IPHONEOS_DEPLOYMENT_TARGET = 17.5;
				MARKETING_VERSION = 1.0;
				PRODUCT_BUNDLE_IDENTIFIER = "com.JustinYeh.Lab1-Justin-YehTests";
				PRODUCT_NAME = "$(TARGET_NAME)";
				SWIFT_EMIT_LOC_STRINGS = NO;
				SWIFT_VERSION = 5.0;
				TARGETED_DEVICE_FAMILY = "1,2";
				TEST_HOST = "$(BUILT_PRODUCTS_DIR)/Lab1_Justin_Yeh.app/$(BUNDLE_EXECUTABLE_FOLDER_PATH)/Lab1_Justin_Yeh";
			};
			name = Debug;
		};
		6847D1062D5C3837003C07EB /* Release */ = {
			isa = XCBuildConfiguration;
			buildSettings = {
				ALWAYS_EMBED_SWIFT_STANDARD_LIBRARIES = YES;
				BUNDLE_LOADER = "$(TEST_HOST)";
				CODE_SIGN_STYLE = Automatic;
				CURRENT_PROJECT_VERSION = 1;
				GENERATE_INFOPLIST_FILE = YES;
				IPHONEOS_DEPLOYMENT_TARGET = 17.5;
				MARKETING_VERSION = 1.0;
				PRODUCT_BUNDLE_IDENTIFIER = "com.JustinYeh.Lab1-Justin-YehTests";
				PRODUCT_NAME = "$(TARGET_NAME)";
				SWIFT_EMIT_LOC_STRINGS = NO;
				SWIFT_VERSION = 5.0;
				TARGETED_DEVICE_FAMILY = "1,2";
				TEST_HOST = "$(BUILT_PRODUCTS_DIR)/Lab1_Justin_Yeh.app/$(BUNDLE_EXECUTABLE_FOLDER_PATH)/Lab1_Justin_Yeh";
			};
			name = Release;
		};
		6847D1082D5C3837003C07EB /* Debug */ = {
			isa = XCBuildConfiguration;
			buildSettings = {
				ALWAYS_EMBED_SWIFT_STANDARD_LIBRARIES = YES;
				CODE_SIGN_STYLE = Automatic;
				CURRENT_PROJECT_VERSION = 1;
				GENERATE_INFOPLIST_FILE = YES;
				MARKETING_VERSION = 1.0;
				PRODUCT_BUNDLE_IDENTIFIER = "com.JustinYeh.Lab1-Justin-YehUITests";
				PRODUCT_NAME = "$(TARGET_NAME)";
				SWIFT_EMIT_LOC_STRINGS = NO;
				SWIFT_VERSION = 5.0;
				TARGETED_DEVICE_FAMILY = "1,2";
				TEST_TARGET_NAME = Lab1_Justin_Yeh;
			};
			name = Debug;
		};
		6847D1092D5C3837003C07EB /* Release */ = {
			isa = XCBuildConfiguration;
			buildSettings = {
				ALWAYS_EMBED_SWIFT_STANDARD_LIBRARIES = YES;
				CODE_SIGN_STYLE = Automatic;
				CURRENT_PROJECT_VERSION = 1;
				GENERATE_INFOPLIST_FILE = YES;
				MARKETING_VERSION = 1.0;
				PRODUCT_BUNDLE_IDENTIFIER = "com.JustinYeh.Lab1-Justin-YehUITests";
				PRODUCT_NAME = "$(TARGET_NAME)";
				SWIFT_EMIT_LOC_STRINGS = NO;
				SWIFT_VERSION = 5.0;
				TARGETED_DEVICE_FAMILY = "1,2";
				TEST_TARGET_NAME = Lab1_Justin_Yeh;
			};
			name = Release;
		};
/* End XCBuildConfiguration section */

/* Begin XCConfigurationList section */
		6847D0D82D5C3835003C07EB /* Build configuration list for PBXProject "Lab1_Justin_Yeh" */ = {
			isa = XCConfigurationList;
			buildConfigurations = (
				6847D0FF2D5C3837003C07EB /* Debug */,
				6847D1002D5C3837003C07EB /* Release */,
			);
			defaultConfigurationIsVisible = 0;
			defaultConfigurationName = Release;
		};
		6847D1012D5C3837003C07EB /* Build configuration list for PBXNativeTarget "Lab1_Justin_Yeh" */ = {
			isa = XCConfigurationList;
			buildConfigurations = (
				6847D1022D5C3837003C07EB /* Debug */,
				6847D1032D5C3837003C07EB /* Release */,
			);
			defaultConfigurationIsVisible = 0;
			defaultConfigurationName = Release;
		};
		6847D1042D5C3837003C07EB /* Build configuration list for PBXNativeTarget "Lab1_Justin_YehTests" */ = {
			isa = XCConfigurationList;
			buildConfigurations = (
				6847D1052D5C3837003C07EB /* Debug */,
				6847D1062D5C3837003C07EB /* Release */,
			);
			defaultConfigurationIsVisible = 0;
			defaultConfigurationName = Release;
		};
		6847D1072D5C3837003C07EB /* Build configuration list for PBXNativeTarget "Lab1_Justin_YehUITests" */ = {
			isa = XCConfigurationList;
			buildConfigurations = (
				6847D1082D5C3837003C07EB /* Debug */,
				6847D1092D5C3837003C07EB /* Release */,
			);
			defaultConfigurationIsVisible = 0;
			defaultConfigurationName = Release;
		};
/* End XCConfigurationList section */
	};
	rootObject = 6847D0D52D5C3835003C07EB /* Project object */;
}
